// !$*UTF8*$!
{
	archiveVersion = 1;
	classes = {
	};
	objectVersion = 50;
	objects = {

/* Begin PBXBuildFile section */
		0705A970217B7AEE0019A256 /* AppDelegate.swift in Sources */ = {isa = PBXBuildFile; fileRef = 0705A96F217B7AEE0019A256 /* AppDelegate.swift */; };
		0705A972217B7AEE0019A256 /* ViewController.swift in Sources */ = {isa = PBXBuildFile; fileRef = 0705A971217B7AEE0019A256 /* ViewController.swift */; };
		0705A975217B7AEE0019A256 /* Main.storyboard in Resources */ = {isa = PBXBuildFile; fileRef = 0705A973217B7AEE0019A256 /* Main.storyboard */; };
		0705A977217B7AEF0019A256 /* Assets.xcassets in Resources */ = {isa = PBXBuildFile; fileRef = 0705A976217B7AEF0019A256 /* Assets.xcassets */; };
		0705A97A217B7AEF0019A256 /* LaunchScreen.storyboard in Resources */ = {isa = PBXBuildFile; fileRef = 0705A978217B7AEF0019A256 /* LaunchScreen.storyboard */; };
		0705A985217B7AEF0019A256 /* BeerAppTests.swift in Sources */ = {isa = PBXBuildFile; fileRef = 0705A984217B7AEF0019A256 /* BeerAppTests.swift */; };
		142F06D3217B7E3F0081A398 /* Home.storyboard in Resources */ = {isa = PBXBuildFile; fileRef = 142F06D2217B7E3F0081A398 /* Home.storyboard */; };
		6139C84F217BA9950046A172 /* Beer.swift in Sources */ = {isa = PBXBuildFile; fileRef = 6139C84E217BA9950046A172 /* Beer.swift */; };
		6139C852217BAB1E0046A172 /* BeerTableViewCell.swift in Sources */ = {isa = PBXBuildFile; fileRef = 6139C850217BAB1E0046A172 /* BeerTableViewCell.swift */; };
		6139C853217BAB1E0046A172 /* BeerTableViewCell.xib in Resources */ = {isa = PBXBuildFile; fileRef = 6139C851217BAB1E0046A172 /* BeerTableViewCell.xib */; };
		A9C02825217B98C600061F55 /* BeerList.storyboard in Resources */ = {isa = PBXBuildFile; fileRef = A9C02824217B98C600061F55 /* BeerList.storyboard */; };
		A9C02827217B98ED00061F55 /* Profile.storyboard in Resources */ = {isa = PBXBuildFile; fileRef = A9C02826217B98ED00061F55 /* Profile.storyboard */; };
		A9C0282A217B997C00061F55 /* BeerListViewController.swift in Sources */ = {isa = PBXBuildFile; fileRef = A9C02829217B997C00061F55 /* BeerListViewController.swift */; };
		A9C0282C217B998E00061F55 /* BeerDetailViewController.swift in Sources */ = {isa = PBXBuildFile; fileRef = A9C0282B217B998E00061F55 /* BeerDetailViewController.swift */; };
		A9C02831217B9B3100061F55 /* Order.storyboard in Resources */ = {isa = PBXBuildFile; fileRef = A9C02830217B9B3100061F55 /* Order.storyboard */; };
/* End PBXBuildFile section */

/* Begin PBXContainerItemProxy section */
		0705A981217B7AEF0019A256 /* PBXContainerItemProxy */ = {
			isa = PBXContainerItemProxy;
			containerPortal = 0705A964217B7AEE0019A256 /* Project object */;
			proxyType = 1;
			remoteGlobalIDString = 0705A96B217B7AEE0019A256;
			remoteInfo = BeerApp;
		};
/* End PBXContainerItemProxy section */

/* Begin PBXFileReference section */
		0705A96C217B7AEE0019A256 /* BeerApp.app */ = {isa = PBXFileReference; explicitFileType = wrapper.application; includeInIndex = 0; path = BeerApp.app; sourceTree = BUILT_PRODUCTS_DIR; };
		0705A96F217B7AEE0019A256 /* AppDelegate.swift */ = {isa = PBXFileReference; lastKnownFileType = sourcecode.swift; path = AppDelegate.swift; sourceTree = "<group>"; };
		0705A971217B7AEE0019A256 /* ViewController.swift */ = {isa = PBXFileReference; lastKnownFileType = sourcecode.swift; path = ViewController.swift; sourceTree = "<group>"; };
		0705A974217B7AEE0019A256 /* Base */ = {isa = PBXFileReference; lastKnownFileType = file.storyboard; name = Base; path = Base.lproj/Main.storyboard; sourceTree = "<group>"; };
		0705A976217B7AEF0019A256 /* Assets.xcassets */ = {isa = PBXFileReference; lastKnownFileType = folder.assetcatalog; path = Assets.xcassets; sourceTree = "<group>"; };
		0705A979217B7AEF0019A256 /* Base */ = {isa = PBXFileReference; lastKnownFileType = file.storyboard; name = Base; path = Base.lproj/LaunchScreen.storyboard; sourceTree = "<group>"; };
		0705A97B217B7AEF0019A256 /* Info.plist */ = {isa = PBXFileReference; lastKnownFileType = text.plist.xml; path = Info.plist; sourceTree = "<group>"; };
		0705A980217B7AEF0019A256 /* BeerAppTests.xctest */ = {isa = PBXFileReference; explicitFileType = wrapper.cfbundle; includeInIndex = 0; path = BeerAppTests.xctest; sourceTree = BUILT_PRODUCTS_DIR; };
		0705A984217B7AEF0019A256 /* BeerAppTests.swift */ = {isa = PBXFileReference; lastKnownFileType = sourcecode.swift; path = BeerAppTests.swift; sourceTree = "<group>"; };
		0705A986217B7AEF0019A256 /* Info.plist */ = {isa = PBXFileReference; lastKnownFileType = text.plist.xml; path = Info.plist; sourceTree = "<group>"; };
		142F06D2217B7E3F0081A398 /* Home.storyboard */ = {isa = PBXFileReference; lastKnownFileType = file.storyboard; path = Home.storyboard; sourceTree = "<group>"; };
		6139C84E217BA9950046A172 /* Beer.swift */ = {isa = PBXFileReference; lastKnownFileType = sourcecode.swift; path = Beer.swift; sourceTree = "<group>"; };
		6139C850217BAB1E0046A172 /* BeerTableViewCell.swift */ = {isa = PBXFileReference; lastKnownFileType = sourcecode.swift; path = BeerTableViewCell.swift; sourceTree = "<group>"; };
		6139C851217BAB1E0046A172 /* BeerTableViewCell.xib */ = {isa = PBXFileReference; lastKnownFileType = file.xib; path = BeerTableViewCell.xib; sourceTree = "<group>"; };
		A9C02824217B98C600061F55 /* BeerList.storyboard */ = {isa = PBXFileReference; fileEncoding = 4; lastKnownFileType = file.storyboard; path = BeerList.storyboard; sourceTree = "<group>"; };
		A9C02826217B98ED00061F55 /* Profile.storyboard */ = {isa = PBXFileReference; fileEncoding = 4; lastKnownFileType = file.storyboard; path = Profile.storyboard; sourceTree = "<group>"; };
		A9C02829217B997C00061F55 /* BeerListViewController.swift */ = {isa = PBXFileReference; lastKnownFileType = sourcecode.swift; path = BeerListViewController.swift; sourceTree = "<group>"; };
		A9C0282B217B998E00061F55 /* BeerDetailViewController.swift */ = {isa = PBXFileReference; lastKnownFileType = sourcecode.swift; path = BeerDetailViewController.swift; sourceTree = "<group>"; };
		A9C02830217B9B3100061F55 /* Order.storyboard */ = {isa = PBXFileReference; fileEncoding = 4; lastKnownFileType = file.storyboard; path = Order.storyboard; sourceTree = "<group>"; };
/* End PBXFileReference section */

/* Begin PBXFrameworksBuildPhase section */
		0705A969217B7AEE0019A256 /* Frameworks */ = {
			isa = PBXFrameworksBuildPhase;
			buildActionMask = 2147483647;
			files = (
			);
			runOnlyForDeploymentPostprocessing = 0;
		};
		0705A97D217B7AEF0019A256 /* Frameworks */ = {
			isa = PBXFrameworksBuildPhase;
			buildActionMask = 2147483647;
			files = (
			);
			runOnlyForDeploymentPostprocessing = 0;
		};
/* End PBXFrameworksBuildPhase section */

/* Begin PBXGroup section */
		0705A963217B7AEE0019A256 = {
			isa = PBXGroup;
			children = (
				0705A96E217B7AEE0019A256 /* BeerApp */,
				0705A983217B7AEF0019A256 /* BeerAppTests */,
				0705A96D217B7AEE0019A256 /* Products */,
			);
			sourceTree = "<group>";
		};
		0705A96D217B7AEE0019A256 /* Products */ = {
			isa = PBXGroup;
			children = (
				0705A96C217B7AEE0019A256 /* BeerApp.app */,
				0705A980217B7AEF0019A256 /* BeerAppTests.xctest */,
			);
			name = Products;
			sourceTree = "<group>";
		};
		0705A96E217B7AEE0019A256 /* BeerApp */ = {
			isa = PBXGroup;
			children = (
				A9C0282F217B9A8E00061F55 /* Views */,
				A9C0282E217B9A6900061F55 /* Storyboards */,
				A9C0282D217B9A5C00061F55 /* Models */,
				A9C02828217B996500061F55 /* Controllers */,
				0705A96F217B7AEE0019A256 /* AppDelegate.swift */,
				0705A976217B7AEF0019A256 /* Assets.xcassets */,
				0705A978217B7AEF0019A256 /* LaunchScreen.storyboard */,
				0705A97B217B7AEF0019A256 /* Info.plist */,
			);
			path = BeerApp;
			sourceTree = "<group>";
		};
		0705A983217B7AEF0019A256 /* BeerAppTests */ = {
			isa = PBXGroup;
			children = (
				0705A984217B7AEF0019A256 /* BeerAppTests.swift */,
				0705A986217B7AEF0019A256 /* Info.plist */,
			);
			path = BeerAppTests;
			sourceTree = "<group>";
		};
		A9C02828217B996500061F55 /* Controllers */ = {
			isa = PBXGroup;
			children = (
				6139C850217BAB1E0046A172 /* BeerTableViewCell.swift */,
				A9C02829217B997C00061F55 /* BeerListViewController.swift */,
				A9C0282B217B998E00061F55 /* BeerDetailViewController.swift */,
				0705A971217B7AEE0019A256 /* ViewController.swift */,
			);
			path = Controllers;
			sourceTree = "<group>";
		};
		A9C0282D217B9A5C00061F55 /* Models */ = {
			isa = PBXGroup;
			children = (
				6139C84E217BA9950046A172 /* Beer.swift */,
			);
			path = Models;
			sourceTree = "<group>";
		};
		A9C0282E217B9A6900061F55 /* Storyboards */ = {
			isa = PBXGroup;
			children = (
				142F06D2217B7E3F0081A398 /* Home.storyboard */,
				A9C02830217B9B3100061F55 /* Order.storyboard */,
				A9C02826217B98ED00061F55 /* Profile.storyboard */,
				A9C02824217B98C600061F55 /* BeerList.storyboard */,
				0705A973217B7AEE0019A256 /* Main.storyboard */,
				6139C851217BAB1E0046A172 /* BeerTableViewCell.xib */,
			);
			path = Storyboards;
			sourceTree = "<group>";
		};
		A9C0282F217B9A8E00061F55 /* Views */ = {
			isa = PBXGroup;
			children = (
			);
			path = Views;
			sourceTree = "<group>";
		};
/* End PBXGroup section */

/* Begin PBXNativeTarget section */
		0705A96B217B7AEE0019A256 /* BeerApp */ = {
			isa = PBXNativeTarget;
			buildConfigurationList = 0705A989217B7AEF0019A256 /* Build configuration list for PBXNativeTarget "BeerApp" */;
			buildPhases = (
				0705A968217B7AEE0019A256 /* Sources */,
				0705A969217B7AEE0019A256 /* Frameworks */,
				0705A96A217B7AEE0019A256 /* Resources */,
			);
			buildRules = (
			);
			dependencies = (
			);
			name = BeerApp;
			productName = BeerApp;
			productReference = 0705A96C217B7AEE0019A256 /* BeerApp.app */;
			productType = "com.apple.product-type.application";
		};
		0705A97F217B7AEF0019A256 /* BeerAppTests */ = {
			isa = PBXNativeTarget;
			buildConfigurationList = 0705A98C217B7AEF0019A256 /* Build configuration list for PBXNativeTarget "BeerAppTests" */;
			buildPhases = (
				0705A97C217B7AEF0019A256 /* Sources */,
				0705A97D217B7AEF0019A256 /* Frameworks */,
				0705A97E217B7AEF0019A256 /* Resources */,
			);
			buildRules = (
			);
			dependencies = (
				0705A982217B7AEF0019A256 /* PBXTargetDependency */,
			);
			name = BeerAppTests;
			productName = BeerAppTests;
			productReference = 0705A980217B7AEF0019A256 /* BeerAppTests.xctest */;
			productType = "com.apple.product-type.bundle.unit-test";
		};
/* End PBXNativeTarget section */

/* Begin PBXProject section */
		0705A964217B7AEE0019A256 /* Project object */ = {
			isa = PBXProject;
			attributes = {
				LastSwiftUpdateCheck = 1000;
				LastUpgradeCheck = 1000;
				ORGANIZATIONNAME = ACL;
				TargetAttributes = {
					0705A96B217B7AEE0019A256 = {
						CreatedOnToolsVersion = 10.0;
					};
					0705A97F217B7AEF0019A256 = {
						CreatedOnToolsVersion = 10.0;
						TestTargetID = 0705A96B217B7AEE0019A256;
					};
				};
			};
			buildConfigurationList = 0705A967217B7AEE0019A256 /* Build configuration list for PBXProject "BeerApp" */;
			compatibilityVersion = "Xcode 9.3";
			developmentRegion = en;
			hasScannedForEncodings = 0;
			knownRegions = (
				en,
				Base,
			);
			mainGroup = 0705A963217B7AEE0019A256;
			productRefGroup = 0705A96D217B7AEE0019A256 /* Products */;
			projectDirPath = "";
			projectRoot = "";
			targets = (
				0705A96B217B7AEE0019A256 /* BeerApp */,
				0705A97F217B7AEF0019A256 /* BeerAppTests */,
			);
		};
/* End PBXProject section */

/* Begin PBXResourcesBuildPhase section */
		0705A96A217B7AEE0019A256 /* Resources */ = {
			isa = PBXResourcesBuildPhase;
			buildActionMask = 2147483647;
			files = (
				A9C02827217B98ED00061F55 /* Profile.storyboard in Resources */,
				0705A97A217B7AEF0019A256 /* LaunchScreen.storyboard in Resources */,
				A9C02825217B98C600061F55 /* BeerList.storyboard in Resources */,
				0705A977217B7AEF0019A256 /* Assets.xcassets in Resources */,
				A9C02831217B9B3100061F55 /* Order.storyboard in Resources */,
				0705A975217B7AEE0019A256 /* Main.storyboard in Resources */,
				142F06D3217B7E3F0081A398 /* Home.storyboard in Resources */,
				6139C853217BAB1E0046A172 /* BeerTableViewCell.xib in Resources */,
			);
			runOnlyForDeploymentPostprocessing = 0;
		};
		0705A97E217B7AEF0019A256 /* Resources */ = {
			isa = PBXResourcesBuildPhase;
			buildActionMask = 2147483647;
			files = (
			);
			runOnlyForDeploymentPostprocessing = 0;
		};
/* End PBXResourcesBuildPhase section */

/* Begin PBXSourcesBuildPhase section */
		0705A968217B7AEE0019A256 /* Sources */ = {
			isa = PBXSourcesBuildPhase;
			buildActionMask = 2147483647;
			files = (
				A9C0282A217B997C00061F55 /* BeerListViewController.swift in Sources */,
				6139C852217BAB1E0046A172 /* BeerTableViewCell.swift in Sources */,
				A9C0282C217B998E00061F55 /* BeerDetailViewController.swift in Sources */,
				6139C84F217BA9950046A172 /* Beer.swift in Sources */,
				0705A972217B7AEE0019A256 /* ViewController.swift in Sources */,
				0705A970217B7AEE0019A256 /* AppDelegate.swift in Sources */,
			);
			runOnlyForDeploymentPostprocessing = 0;
		};
		0705A97C217B7AEF0019A256 /* Sources */ = {
			isa = PBXSourcesBuildPhase;
			buildActionMask = 2147483647;
			files = (
				0705A985217B7AEF0019A256 /* BeerAppTests.swift in Sources */,
			);
			runOnlyForDeploymentPostprocessing = 0;
		};
/* End PBXSourcesBuildPhase section */

/* Begin PBXTargetDependency section */
		0705A982217B7AEF0019A256 /* PBXTargetDependency */ = {
			isa = PBXTargetDependency;
			target = 0705A96B217B7AEE0019A256 /* BeerApp */;
			targetProxy = 0705A981217B7AEF0019A256 /* PBXContainerItemProxy */;
		};
/* End PBXTargetDependency section */

/* Begin PBXVariantGroup section */
		0705A973217B7AEE0019A256 /* Main.storyboard */ = {
			isa = PBXVariantGroup;
			children = (
				0705A974217B7AEE0019A256 /* Base */,
			);
			name = Main.storyboard;
			sourceTree = "<group>";
		};
		0705A978217B7AEF0019A256 /* LaunchScreen.storyboard */ = {
			isa = PBXVariantGroup;
			children = (
				0705A979217B7AEF0019A256 /* Base */,
			);
			name = LaunchScreen.storyboard;
			sourceTree = "<group>";
		};
/* End PBXVariantGroup section */

/* Begin XCBuildConfiguration section */
		0705A987217B7AEF0019A256 /* Debug */ = {
			isa = XCBuildConfiguration;
			buildSettings = {
				ALWAYS_SEARCH_USER_PATHS = NO;
				CLANG_ANALYZER_NONNULL = YES;
				CLANG_ANALYZER_NUMBER_OBJECT_CONVERSION = YES_AGGRESSIVE;
				CLANG_CXX_LANGUAGE_STANDARD = "gnu++14";
				CLANG_CXX_LIBRARY = "libc++";
				CLANG_ENABLE_MODULES = YES;
				CLANG_ENABLE_OBJC_ARC = YES;
				CLANG_ENABLE_OBJC_WEAK = YES;
				CLANG_WARN_BLOCK_CAPTURE_AUTORELEASING = YES;
				CLANG_WARN_BOOL_CONVERSION = YES;
				CLANG_WARN_COMMA = YES;
				CLANG_WARN_CONSTANT_CONVERSION = YES;
				CLANG_WARN_DEPRECATED_OBJC_IMPLEMENTATIONS = YES;
				CLANG_WARN_DIRECT_OBJC_ISA_USAGE = YES_ERROR;
				CLANG_WARN_DOCUMENTATION_COMMENTS = YES;
				CLANG_WARN_EMPTY_BODY = YES;
				CLANG_WARN_ENUM_CONVERSION = YES;
				CLANG_WARN_INFINITE_RECURSION = YES;
				CLANG_WARN_INT_CONVERSION = YES;
				CLANG_WARN_NON_LITERAL_NULL_CONVERSION = YES;
				CLANG_WARN_OBJC_IMPLICIT_RETAIN_SELF = YES;
				CLANG_WARN_OBJC_LITERAL_CONVERSION = YES;
				CLANG_WARN_OBJC_ROOT_CLASS = YES_ERROR;
				CLANG_WARN_RANGE_LOOP_ANALYSIS = YES;
				CLANG_WARN_STRICT_PROTOTYPES = YES;
				CLANG_WARN_SUSPICIOUS_MOVE = YES;
				CLANG_WARN_UNGUARDED_AVAILABILITY = YES_AGGRESSIVE;
				CLANG_WARN_UNREACHABLE_CODE = YES;
				CLANG_WARN__DUPLICATE_METHOD_MATCH = YES;
				CODE_SIGN_IDENTITY = "iPhone Developer";
				COPY_PHASE_STRIP = NO;
				DEBUG_INFORMATION_FORMAT = dwarf;
				ENABLE_STRICT_OBJC_MSGSEND = YES;
				ENABLE_TESTABILITY = YES;
				GCC_C_LANGUAGE_STANDARD = gnu11;
				GCC_DYNAMIC_NO_PIC = NO;
				GCC_NO_COMMON_BLOCKS = YES;
				GCC_OPTIMIZATION_LEVEL = 0;
				GCC_PREPROCESSOR_DEFINITIONS = (
					"DEBUG=1",
					"$(inherited)",
				);
				GCC_WARN_64_TO_32_BIT_CONVERSION = YES;
				GCC_WARN_ABOUT_RETURN_TYPE = YES_ERROR;
				GCC_WARN_UNDECLARED_SELECTOR = YES;
				GCC_WARN_UNINITIALIZED_AUTOS = YES_AGGRESSIVE;
				GCC_WARN_UNUSED_FUNCTION = YES;
				GCC_WARN_UNUSED_VARIABLE = YES;
				IPHONEOS_DEPLOYMENT_TARGET = 12.0;
				MTL_ENABLE_DEBUG_INFO = INCLUDE_SOURCE;
				MTL_FAST_MATH = YES;
				ONLY_ACTIVE_ARCH = YES;
				SDKROOT = iphoneos;
				SWIFT_ACTIVE_COMPILATION_CONDITIONS = DEBUG;
				SWIFT_OPTIMIZATION_LEVEL = "-Onone";
			};
			name = Debug;
		};
		0705A988217B7AEF0019A256 /* Release */ = {
			isa = XCBuildConfiguration;
			buildSettings = {
				ALWAYS_SEARCH_USER_PATHS = NO;
				CLANG_ANALYZER_NONNULL = YES;
				CLANG_ANALYZER_NUMBER_OBJECT_CONVERSION = YES_AGGRESSIVE;
				CLANG_CXX_LANGUAGE_STANDARD = "gnu++14";
				CLANG_CXX_LIBRARY = "libc++";
				CLANG_ENABLE_MODULES = YES;
				CLANG_ENABLE_OBJC_ARC = YES;
				CLANG_ENABLE_OBJC_WEAK = YES;
				CLANG_WARN_BLOCK_CAPTURE_AUTORELEASING = YES;
				CLANG_WARN_BOOL_CONVERSION = YES;
				CLANG_WARN_COMMA = YES;
				CLANG_WARN_CONSTANT_CONVERSION = YES;
				CLANG_WARN_DEPRECATED_OBJC_IMPLEMENTATIONS = YES;
				CLANG_WARN_DIRECT_OBJC_ISA_USAGE = YES_ERROR;
				CLANG_WARN_DOCUMENTATION_COMMENTS = YES;
				CLANG_WARN_EMPTY_BODY = YES;
				CLANG_WARN_ENUM_CONVERSION = YES;
				CLANG_WARN_INFINITE_RECURSION = YES;
				CLANG_WARN_INT_CONVERSION = YES;
				CLANG_WARN_NON_LITERAL_NULL_CONVERSION = YES;
				CLANG_WARN_OBJC_IMPLICIT_RETAIN_SELF = YES;
				CLANG_WARN_OBJC_LITERAL_CONVERSION = YES;
				CLANG_WARN_OBJC_ROOT_CLASS = YES_ERROR;
				CLANG_WARN_RANGE_LOOP_ANALYSIS = YES;
				CLANG_WARN_STRICT_PROTOTYPES = YES;
				CLANG_WARN_SUSPICIOUS_MOVE = YES;
				CLANG_WARN_UNGUARDED_AVAILABILITY = YES_AGGRESSIVE;
				CLANG_WARN_UNREACHABLE_CODE = YES;
				CLANG_WARN__DUPLICATE_METHOD_MATCH = YES;
				CODE_SIGN_IDENTITY = "iPhone Developer";
				COPY_PHASE_STRIP = NO;
				DEBUG_INFORMATION_FORMAT = "dwarf-with-dsym";
				ENABLE_NS_ASSERTIONS = NO;
				ENABLE_STRICT_OBJC_MSGSEND = YES;
				GCC_C_LANGUAGE_STANDARD = gnu11;
				GCC_NO_COMMON_BLOCKS = YES;
				GCC_WARN_64_TO_32_BIT_CONVERSION = YES;
				GCC_WARN_ABOUT_RETURN_TYPE = YES_ERROR;
				GCC_WARN_UNDECLARED_SELECTOR = YES;
				GCC_WARN_UNINITIALIZED_AUTOS = YES_AGGRESSIVE;
				GCC_WARN_UNUSED_FUNCTION = YES;
				GCC_WARN_UNUSED_VARIABLE = YES;
				IPHONEOS_DEPLOYMENT_TARGET = 12.0;
				MTL_ENABLE_DEBUG_INFO = NO;
				MTL_FAST_MATH = YES;
				SDKROOT = iphoneos;
				SWIFT_COMPILATION_MODE = wholemodule;
				SWIFT_OPTIMIZATION_LEVEL = "-O";
				VALIDATE_PRODUCT = YES;
			};
			name = Release;
		};
		0705A98A217B7AEF0019A256 /* Debug */ = {
			isa = XCBuildConfiguration;
			buildSettings = {
				ASSETCATALOG_COMPILER_APPICON_NAME = AppIcon;
				CODE_SIGN_STYLE = Automatic;
				DEVELOPMENT_TEAM = 86J49759MD;
				INFOPLIST_FILE = BeerApp/Info.plist;
				IPHONEOS_DEPLOYMENT_TARGET = 11.0;
				LD_RUNPATH_SEARCH_PATHS = (
					"$(inherited)",
					"@executable_path/Frameworks",
				);
				PRODUCT_BUNDLE_IDENTIFIER = com.acl.BeerApp;
				PRODUCT_NAME = "$(TARGET_NAME)";
				SWIFT_VERSION = 4.2;
				TARGETED_DEVICE_FAMILY = "1,2";
			};
			name = Debug;
		};
		0705A98B217B7AEF0019A256 /* Release */ = {
			isa = XCBuildConfiguration;
			buildSettings = {
				ASSETCATALOG_COMPILER_APPICON_NAME = AppIcon;
				CODE_SIGN_STYLE = Automatic;
				DEVELOPMENT_TEAM = 86J49759MD;
				INFOPLIST_FILE = BeerApp/Info.plist;
				IPHONEOS_DEPLOYMENT_TARGET = 11.0;
				LD_RUNPATH_SEARCH_PATHS = (
					"$(inherited)",
					"@executable_path/Frameworks",
				);
				PRODUCT_BUNDLE_IDENTIFIER = com.acl.BeerApp;
				PRODUCT_NAME = "$(TARGET_NAME)";
				SWIFT_VERSION = 4.2;
				TARGETED_DEVICE_FAMILY = "1,2";
			};
			name = Release;
		};
		0705A98D217B7AEF0019A256 /* Debug */ = {
			isa = XCBuildConfiguration;
			buildSettings = {
				ALWAYS_EMBED_SWIFT_STANDARD_LIBRARIES = YES;
				BUNDLE_LOADER = "$(TEST_HOST)";
				CODE_SIGN_STYLE = Automatic;
				DEVELOPMENT_TEAM = LKT468ZY3G;
				INFOPLIST_FILE = BeerAppTests/Info.plist;
				IPHONEOS_DEPLOYMENT_TARGET = 11.0;
				LD_RUNPATH_SEARCH_PATHS = (
					"$(inherited)",
					"@executable_path/Frameworks",
					"@loader_path/Frameworks",
				);
				PRODUCT_BUNDLE_IDENTIFIER = com.acl.BeerAppTests;
				PRODUCT_NAME = "$(TARGET_NAME)";
				SWIFT_VERSION = 4.2;
				TARGETED_DEVICE_FAMILY = "1,2";
				TEST_HOST = "$(BUILT_PRODUCTS_DIR)/BeerApp.app/BeerApp";
			};
			name = Debug;
		};
		0705A98E217B7AEF0019A256 /* Release */ = {
			isa = XCBuildConfiguration;
			buildSettings = {
				ALWAYS_EMBED_SWIFT_STANDARD_LIBRARIES = YES;
				BUNDLE_LOADER = "$(TEST_HOST)";
				CODE_SIGN_STYLE = Automatic;
				DEVELOPMENT_TEAM = LKT468ZY3G;
				INFOPLIST_FILE = BeerAppTests/Info.plist;
				IPHONEOS_DEPLOYMENT_TARGET = 11.0;
				LD_RUNPATH_SEARCH_PATHS = (
					"$(inherited)",
					"@executable_path/Frameworks",
					"@loader_path/Frameworks",
				);
				PRODUCT_BUNDLE_IDENTIFIER = com.acl.BeerAppTests;
				PRODUCT_NAME = "$(TARGET_NAME)";
				SWIFT_VERSION = 4.2;
				TARGETED_DEVICE_FAMILY = "1,2";
				TEST_HOST = "$(BUILT_PRODUCTS_DIR)/BeerApp.app/BeerApp";
			};
			name = Release;
		};
/* End XCBuildConfiguration section */

/* Begin XCConfigurationList section */
		0705A967217B7AEE0019A256 /* Build configuration list for PBXProject "BeerApp" */ = {
			isa = XCConfigurationList;
			buildConfigurations = (
				0705A987217B7AEF0019A256 /* Debug */,
				0705A988217B7AEF0019A256 /* Release */,
			);
			defaultConfigurationIsVisible = 0;
			defaultConfigurationName = Release;
		};
		0705A989217B7AEF0019A256 /* Build configuration list for PBXNativeTarget "BeerApp" */ = {
			isa = XCConfigurationList;
			buildConfigurations = (
				0705A98A217B7AEF0019A256 /* Debug */,
				0705A98B217B7AEF0019A256 /* Release */,
			);
			defaultConfigurationIsVisible = 0;
			defaultConfigurationName = Release;
		};
		0705A98C217B7AEF0019A256 /* Build configuration list for PBXNativeTarget "BeerAppTests" */ = {
			isa = XCConfigurationList;
			buildConfigurations = (
				0705A98D217B7AEF0019A256 /* Debug */,
				0705A98E217B7AEF0019A256 /* Release */,
			);
			defaultConfigurationIsVisible = 0;
			defaultConfigurationName = Release;
		};
/* End XCConfigurationList section */
	};
	rootObject = 0705A964217B7AEE0019A256 /* Project object */;
}
